<Solution>
  <Folder Name="/01/">
    <Project Path="IsNumberOddOrNot/IsNumberOddOrNot.csproj" Id="b82497a2-d9d5-49b8-9da4-ab64e747ade7" />
  </Folder>
  <Folder Name="/02/">
    <Project Path="TheGreathestNumber/TheGreathestNumber.csproj" Id="f3db1585-b39b-4982-835c-331d9cbb8a42" />
  </Folder>
  <Folder Name="/03/">
    <Project Path="SortNumbers/SortNumbers.csproj" Id="e8cfd89a-1bb3-4347-8613-96ad8f6ba846" />
  </Folder>
  <Folder Name="/04/">
    <Project Path="IsMultipleOfAnother/IsMultipleOfAnother.csproj" Id="bd0ce16c-c9f2-4b98-839f-d31c6a9604f3" />
  </Folder>
  <Folder Name="/05/">
    <Project Path="IsLeapYear/IsLeapYear.csproj" Id="2366131a-ad05-4b62-930e-601f52136390" />
  </Folder>
  <Folder Name="/06/">
    <Project Path="SimplePayroll/SimplePayroll.csproj" Id="f1b2da45-9456-4987-a452-82935b984223" />
  </Folder>
  <Folder Name="/07/">
    <Project Path="Discounts/Discounts.csproj" Id="14895f65-b472-45e9-b3f5-40e9c09628f3" />
  </Folder>
  <Folder Name="/08/">
    <Project Path="RegistrationValue/RegistrationValue.csproj" Id="0921279a-1582-40bc-9033-7c8d03c814aa" />
  </Folder>
  <Folder Name="/09/">
    <Project Path="Shipping/Shipping.csproj" Id="b98b89f0-9b64-433a-bee9-967e4f899f4b" />
  </Folder>
  <Folder Name="/Shared/">
    <Project Path="Shared/Shared.csproj" Id="ec04a5b7-002f-457f-9cd4-54ffceefba24" />
  </Folder>
</Solution>
